// !$*UTF8*$!
{
	archiveVersion = 1;
	classes = {
	};
	objectVersion = 46;
	objects = {

/* Begin PBXBuildFile section */
		A190BEA51F0F224B00EE9C19 /* AppDelegate.swift in Sources */ = {isa = PBXBuildFile; fileRef = A190BEA41F0F224B00EE9C19 /* AppDelegate.swift */; };
		A190BEA71F0F224B00EE9C19 /* ViewController.swift in Sources */ = {isa = PBXBuildFile; fileRef = A190BEA61F0F224B00EE9C19 /* ViewController.swift */; };
		A190BEAA1F0F224B00EE9C19 /* Main.storyboard in Resources */ = {isa = PBXBuildFile; fileRef = A190BEA81F0F224B00EE9C19 /* Main.storyboard */; };
		A190BEAC1F0F224B00EE9C19 /* Assets.xcassets in Resources */ = {isa = PBXBuildFile; fileRef = A190BEAB1F0F224B00EE9C19 /* Assets.xcassets */; };
		A190BEAF1F0F224B00EE9C19 /* LaunchScreen.storyboard in Resources */ = {isa = PBXBuildFile; fileRef = A190BEAD1F0F224B00EE9C19 /* LaunchScreen.storyboard */; };
		A190BEB81F0F39B100EE9C19 /* PhotoBrowserViewController.swift in Sources */ = {isa = PBXBuildFile; fileRef = A190BEB61F0F39B100EE9C19 /* PhotoBrowserViewController.swift */; };
		A190BEBB1F0F3DAB00EE9C19 /* PhotoBrowserViewController.storyboard in Resources */ = {isa = PBXBuildFile; fileRef = A190BEBA1F0F3DAB00EE9C19 /* PhotoBrowserViewController.storyboard */; };
		A190BEBD1F0F7BE100EE9C19 /* PhotoBrowswer.swift in Sources */ = {isa = PBXBuildFile; fileRef = A190BEBC1F0F7BE100EE9C19 /* PhotoBrowswer.swift */; };
		A190BEC71F0F82C700EE9C19 /* pic-1.jpeg in Resources */ = {isa = PBXBuildFile; fileRef = A190BEBE1F0F82C700EE9C19 /* pic-1.jpeg */; };
		A190BEC81F0F82C700EE9C19 /* pic-2.jpg in Resources */ = {isa = PBXBuildFile; fileRef = A190BEBF1F0F82C700EE9C19 /* pic-2.jpg */; };
		A190BEC91F0F82C700EE9C19 /* pic-3.jpg in Resources */ = {isa = PBXBuildFile; fileRef = A190BEC01F0F82C700EE9C19 /* pic-3.jpg */; };
		A190BECA1F0F82C700EE9C19 /* pic-4.jpg in Resources */ = {isa = PBXBuildFile; fileRef = A190BEC11F0F82C700EE9C19 /* pic-4.jpg */; };
		A190BECB1F0F82C700EE9C19 /* pic-5.jpg in Resources */ = {isa = PBXBuildFile; fileRef = A190BEC21F0F82C700EE9C19 /* pic-5.jpg */; };
		A190BECC1F0F82C700EE9C19 /* pic-6.jpg in Resources */ = {isa = PBXBuildFile; fileRef = A190BEC31F0F82C700EE9C19 /* pic-6.jpg */; };
		A190BECD1F0F82C700EE9C19 /* pic-7.jpeg in Resources */ = {isa = PBXBuildFile; fileRef = A190BEC41F0F82C700EE9C19 /* pic-7.jpeg */; };
		A190BECE1F0F82C700EE9C19 /* pic-8.jpg in Resources */ = {isa = PBXBuildFile; fileRef = A190BEC51F0F82C700EE9C19 /* pic-8.jpg */; };
		A190BECF1F0F82C700EE9C19 /* pic-9.jpg in Resources */ = {isa = PBXBuildFile; fileRef = A190BEC61F0F82C700EE9C19 /* pic-9.jpg */; };
		A190BED11F0F849700EE9C19 /* pic-10.jpg in Resources */ = {isa = PBXBuildFile; fileRef = A190BED01F0F849700EE9C19 /* pic-10.jpg */; };
/* End PBXBuildFile section */

/* Begin PBXFileReference section */
		A190BEA11F0F224B00EE9C19 /* PhotoBrowser.app */ = {isa = PBXFileReference; explicitFileType = wrapper.application; includeInIndex = 0; path = PhotoBrowser.app; sourceTree = BUILT_PRODUCTS_DIR; };
		A190BEA41F0F224B00EE9C19 /* AppDelegate.swift */ = {isa = PBXFileReference; lastKnownFileType = sourcecode.swift; path = AppDelegate.swift; sourceTree = "<group>"; };
		A190BEA61F0F224B00EE9C19 /* ViewController.swift */ = {isa = PBXFileReference; lastKnownFileType = sourcecode.swift; path = ViewController.swift; sourceTree = "<group>"; };
		A190BEA91F0F224B00EE9C19 /* Base */ = {isa = PBXFileReference; lastKnownFileType = file.storyboard; name = Base; path = Base.lproj/Main.storyboard; sourceTree = "<group>"; };
		A190BEAB1F0F224B00EE9C19 /* Assets.xcassets */ = {isa = PBXFileReference; lastKnownFileType = folder.assetcatalog; path = Assets.xcassets; sourceTree = "<group>"; };
		A190BEAE1F0F224B00EE9C19 /* Base */ = {isa = PBXFileReference; lastKnownFileType = file.storyboard; name = Base; path = Base.lproj/LaunchScreen.storyboard; sourceTree = "<group>"; };
		A190BEB01F0F224B00EE9C19 /* Info.plist */ = {isa = PBXFileReference; lastKnownFileType = text.plist.xml; path = Info.plist; sourceTree = "<group>"; };
		A190BEB61F0F39B100EE9C19 /* PhotoBrowserViewController.swift */ = {isa = PBXFileReference; fileEncoding = 4; lastKnownFileType = sourcecode.swift; path = PhotoBrowserViewController.swift; sourceTree = "<group>"; };
		A190BEBA1F0F3DAB00EE9C19 /* PhotoBrowserViewController.storyboard */ = {isa = PBXFileReference; fileEncoding = 4; lastKnownFileType = file.storyboard; path = PhotoBrowserViewController.storyboard; sourceTree = "<group>"; };
		A190BEBC1F0F7BE100EE9C19 /* PhotoBrowswer.swift */ = {isa = PBXFileReference; fileEncoding = 4; lastKnownFileType = sourcecode.swift; path = PhotoBrowswer.swift; sourceTree = "<group>"; };
		A190BEBE1F0F82C700EE9C19 /* pic-1.jpeg */ = {isa = PBXFileReference; lastKnownFileType = image.jpeg; path = "pic-1.jpeg"; sourceTree = "<group>"; };
		A190BEBF1F0F82C700EE9C19 /* pic-2.jpg */ = {isa = PBXFileReference; lastKnownFileType = image.jpeg; path = "pic-2.jpg"; sourceTree = "<group>"; };
		A190BEC01F0F82C700EE9C19 /* pic-3.jpg */ = {isa = PBXFileReference; lastKnownFileType = image.jpeg; path = "pic-3.jpg"; sourceTree = "<group>"; };
		A190BEC11F0F82C700EE9C19 /* pic-4.jpg */ = {isa = PBXFileReference; lastKnownFileType = image.jpeg; path = "pic-4.jpg"; sourceTree = "<group>"; };
		A190BEC21F0F82C700EE9C19 /* pic-5.jpg */ = {isa = PBXFileReference; lastKnownFileType = image.jpeg; path = "pic-5.jpg"; sourceTree = "<group>"; };
		A190BEC31F0F82C700EE9C19 /* pic-6.jpg */ = {isa = PBXFileReference; lastKnownFileType = image.jpeg; path = "pic-6.jpg"; sourceTree = "<group>"; };
		A190BEC41F0F82C700EE9C19 /* pic-7.jpeg */ = {isa = PBXFileReference; lastKnownFileType = image.jpeg; path = "pic-7.jpeg"; sourceTree = "<group>"; };
		A190BEC51F0F82C700EE9C19 /* pic-8.jpg */ = {isa = PBXFileReference; lastKnownFileType = image.jpeg; path = "pic-8.jpg"; sourceTree = "<group>"; };
		A190BEC61F0F82C700EE9C19 /* pic-9.jpg */ = {isa = PBXFileReference; lastKnownFileType = image.jpeg; path = "pic-9.jpg"; sourceTree = "<group>"; };
		A190BED01F0F849700EE9C19 /* pic-10.jpg */ = {isa = PBXFileReference; lastKnownFileType = image.jpeg; path = "pic-10.jpg"; sourceTree = "<group>"; };
/* End PBXFileReference section */

/* Begin PBXFrameworksBuildPhase section */
		A190BE9E1F0F224B00EE9C19 /* Frameworks */ = {
			isa = PBXFrameworksBuildPhase;
			buildActionMask = 2147483647;
			files = (
			);
			runOnlyForDeploymentPostprocessing = 0;
		};
/* End PBXFrameworksBuildPhase section */

/* Begin PBXGroup section */
		A190BE981F0F224A00EE9C19 = {
			isa = PBXGroup;
			children = (
				A190BEA31F0F224B00EE9C19 /* PhotoBrowser */,
				A190BEA21F0F224B00EE9C19 /* Products */,
			);
			sourceTree = "<group>";
		};
		A190BEA21F0F224B00EE9C19 /* Products */ = {
			isa = PBXGroup;
			children = (
				A190BEA11F0F224B00EE9C19 /* PhotoBrowser.app */,
			);
			name = Products;
			sourceTree = "<group>";
		};
		A190BEA31F0F224B00EE9C19 /* PhotoBrowser */ = {
			isa = PBXGroup;
			children = (
				A190BEA41F0F224B00EE9C19 /* AppDelegate.swift */,
				A190BEA61F0F224B00EE9C19 /* ViewController.swift */,
				A190BEA81F0F224B00EE9C19 /* Main.storyboard */,
				A190BEAB1F0F224B00EE9C19 /* Assets.xcassets */,
				A190BEAD1F0F224B00EE9C19 /* LaunchScreen.storyboard */,
				A190BEB01F0F224B00EE9C19 /* Info.plist */,
				A190BEB61F0F39B100EE9C19 /* PhotoBrowserViewController.swift */,
				A190BEBA1F0F3DAB00EE9C19 /* PhotoBrowserViewController.storyboard */,
				A190BEBC1F0F7BE100EE9C19 /* PhotoBrowswer.swift */,
				A190BEBE1F0F82C700EE9C19 /* pic-1.jpeg */,
				A190BEBF1F0F82C700EE9C19 /* pic-2.jpg */,
				A190BEC01F0F82C700EE9C19 /* pic-3.jpg */,
				A190BEC11F0F82C700EE9C19 /* pic-4.jpg */,
				A190BEC21F0F82C700EE9C19 /* pic-5.jpg */,
				A190BEC31F0F82C700EE9C19 /* pic-6.jpg */,
				A190BEC41F0F82C700EE9C19 /* pic-7.jpeg */,
				A190BEC51F0F82C700EE9C19 /* pic-8.jpg */,
				A190BEC61F0F82C700EE9C19 /* pic-9.jpg */,
				A190BED01F0F849700EE9C19 /* pic-10.jpg */,
			);
			path = PhotoBrowser;
			sourceTree = "<group>";
		};
/* End PBXGroup section */

/* Begin PBXNativeTarget section */
		A190BEA01F0F224B00EE9C19 /* PhotoBrowser */ = {
			isa = PBXNativeTarget;
			buildConfigurationList = A190BEB31F0F224B00EE9C19 /* Build configuration list for PBXNativeTarget "PhotoBrowser" */;
			buildPhases = (
				A190BE9D1F0F224B00EE9C19 /* Sources */,
				A190BE9E1F0F224B00EE9C19 /* Frameworks */,
				A190BE9F1F0F224B00EE9C19 /* Resources */,
			);
			buildRules = (
			);
			dependencies = (
			);
			name = PhotoBrowser;
			productName = PhotoBrowser;
			productReference = A190BEA11F0F224B00EE9C19 /* PhotoBrowser.app */;
			productType = "com.apple.product-type.application";
		};
/* End PBXNativeTarget section */

/* Begin PBXProject section */
		A190BE991F0F224B00EE9C19 /* Project object */ = {
			isa = PBXProject;
			attributes = {
				LastSwiftUpdateCheck = 0830;
				LastUpgradeCheck = 0830;
				ORGANIZATIONNAME = Andy;
				TargetAttributes = {
					A190BEA01F0F224B00EE9C19 = {
						CreatedOnToolsVersion = 8.3.3;
						ProvisioningStyle = Automatic;
					};
				};
			};
			buildConfigurationList = A190BE9C1F0F224B00EE9C19 /* Build configuration list for PBXProject "PhotoBrowser" */;
			compatibilityVersion = "Xcode 3.2";
			developmentRegion = English;
			hasScannedForEncodings = 0;
			knownRegions = (
				en,
				Base,
			);
			mainGroup = A190BE981F0F224A00EE9C19;
			productRefGroup = A190BEA21F0F224B00EE9C19 /* Products */;
			projectDirPath = "";
			projectRoot = "";
			targets = (
				A190BEA01F0F224B00EE9C19 /* PhotoBrowser */,
			);
		};
/* End PBXProject section */

/* Begin PBXResourcesBuildPhase section */
		A190BE9F1F0F224B00EE9C19 /* Resources */ = {
			isa = PBXResourcesBuildPhase;
			buildActionMask = 2147483647;
			files = (
				A190BED11F0F849700EE9C19 /* pic-10.jpg in Resources */,
				A190BECD1F0F82C700EE9C19 /* pic-7.jpeg in Resources */,
				A190BEC71F0F82C700EE9C19 /* pic-1.jpeg in Resources */,
				A190BECC1F0F82C700EE9C19 /* pic-6.jpg in Resources */,
				A190BEAF1F0F224B00EE9C19 /* LaunchScreen.storyboard in Resources */,
				A190BEBB1F0F3DAB00EE9C19 /* PhotoBrowserViewController.storyboard in Resources */,
				A190BECE1F0F82C700EE9C19 /* pic-8.jpg in Resources */,
				A190BEAC1F0F224B00EE9C19 /* Assets.xcassets in Resources */,
				A190BEC91F0F82C700EE9C19 /* pic-3.jpg in Resources */,
				A190BECB1F0F82C700EE9C19 /* pic-5.jpg in Resources */,
				A190BECF1F0F82C700EE9C19 /* pic-9.jpg in Resources */,
				A190BECA1F0F82C700EE9C19 /* pic-4.jpg in Resources */,
				A190BEAA1F0F224B00EE9C19 /* Main.storyboard in Resources */,
				A190BEC81F0F82C700EE9C19 /* pic-2.jpg in Resources */,
			);
			runOnlyForDeploymentPostprocessing = 0;
		};
/* End PBXResourcesBuildPhase section */

/* Begin PBXSourcesBuildPhase section */
		A190BE9D1F0F224B00EE9C19 /* Sources */ = {
			isa = PBXSourcesBuildPhase;
			buildActionMask = 2147483647;
			files = (
				A190BEB81F0F39B100EE9C19 /* PhotoBrowserViewController.swift in Sources */,
				A190BEA71F0F224B00EE9C19 /* ViewController.swift in Sources */,
				A190BEA51F0F224B00EE9C19 /* AppDelegate.swift in Sources */,
				A190BEBD1F0F7BE100EE9C19 /* PhotoBrowswer.swift in Sources */,
			);
			runOnlyForDeploymentPostprocessing = 0;
		};
/* End PBXSourcesBuildPhase section */

/* Begin PBXVariantGroup section */
		A190BEA81F0F224B00EE9C19 /* Main.storyboard */ = {
			isa = PBXVariantGroup;
			children = (
				A190BEA91F0F224B00EE9C19 /* Base */,
			);
			name = Main.storyboard;
			sourceTree = "<group>";
		};
		A190BEAD1F0F224B00EE9C19 /* LaunchScreen.storyboard */ = {
			isa = PBXVariantGroup;
			children = (
				A190BEAE1F0F224B00EE9C19 /* Base */,
			);
			name = LaunchScreen.storyboard;
			sourceTree = "<group>";
		};
/* End PBXVariantGroup section */

/* Begin XCBuildConfiguration section */
		A190BEB11F0F224B00EE9C19 /* Debug */ = {
			isa = XCBuildConfiguration;
			buildSettings = {
				ALWAYS_SEARCH_USER_PATHS = NO;
				CLANG_ANALYZER_NONNULL = YES;
				CLANG_ANALYZER_NUMBER_OBJECT_CONVERSION = YES_AGGRESSIVE;
				CLANG_CXX_LANGUAGE_STANDARD = "gnu++0x";
				CLANG_CXX_LIBRARY = "libc++";
				CLANG_ENABLE_MODULES = YES;
				CLANG_ENABLE_OBJC_ARC = YES;
				CLANG_WARN_BOOL_CONVERSION = YES;
				CLANG_WARN_CONSTANT_CONVERSION = YES;
				CLANG_WARN_DIRECT_OBJC_ISA_USAGE = YES_ERROR;
				CLANG_WARN_DOCUMENTATION_COMMENTS = YES;
				CLANG_WARN_EMPTY_BODY = YES;
				CLANG_WARN_ENUM_CONVERSION = YES;
				CLANG_WARN_INFINITE_RECURSION = YES;
				CLANG_WARN_INT_CONVERSION = YES;
				CLANG_WARN_OBJC_ROOT_CLASS = YES_ERROR;
				CLANG_WARN_SUSPICIOUS_MOVE = YES;
				CLANG_WARN_UNREACHABLE_CODE = YES;
				CLANG_WARN__DUPLICATE_METHOD_MATCH = YES;
				"CODE_SIGN_IDENTITY[sdk=iphoneos*]" = "iPhone Developer";
				COPY_PHASE_STRIP = NO;
				DEBUG_INFORMATION_FORMAT = dwarf;
				ENABLE_STRICT_OBJC_MSGSEND = YES;
				ENABLE_TESTABILITY = YES;
				GCC_C_LANGUAGE_STANDARD = gnu99;
				GCC_DYNAMIC_NO_PIC = NO;
				GCC_NO_COMMON_BLOCKS = YES;
				GCC_OPTIMIZATION_LEVEL = 0;
				GCC_PREPROCESSOR_DEFINITIONS = (
					"DEBUG=1",
					"$(inherited)",
				);
				GCC_WARN_64_TO_32_BIT_CONVERSION = YES;
				GCC_WARN_ABOUT_RETURN_TYPE = YES_ERROR;
				GCC_WARN_UNDECLARED_SELECTOR = YES;
				GCC_WARN_UNINITIALIZED_AUTOS = YES_AGGRESSIVE;
				GCC_WARN_UNUSED_FUNCTION = YES;
				GCC_WARN_UNUSED_VARIABLE = YES;
				IPHONEOS_DEPLOYMENT_TARGET = 10.3;
				MTL_ENABLE_DEBUG_INFO = YES;
				ONLY_ACTIVE_ARCH = YES;
				SDKROOT = iphoneos;
				SWIFT_ACTIVE_COMPILATION_CONDITIONS = DEBUG;
				SWIFT_OPTIMIZATION_LEVEL = "-Onone";
				TARGETED_DEVICE_FAMILY = "1,2";
			};
			name = Debug;
		};
		A190BEB21F0F224B00EE9C19 /* Release */ = {
			isa = XCBuildConfiguration;
			buildSettings = {
				ALWAYS_SEARCH_USER_PATHS = NO;
				CLANG_ANALYZER_NONNULL = YES;
				CLANG_ANALYZER_NUMBER_OBJECT_CONVERSION = YES_AGGRESSIVE;
				CLANG_CXX_LANGUAGE_STANDARD = "gnu++0x";
				CLANG_CXX_LIBRARY = "libc++";
				CLANG_ENABLE_MODULES = YES;
				CLANG_ENABLE_OBJC_ARC = YES;
				CLANG_WARN_BOOL_CONVERSION = YES;
				CLANG_WARN_CONSTANT_CONVERSION = YES;
				CLANG_WARN_DIRECT_OBJC_ISA_USAGE = YES_ERROR;
				CLANG_WARN_DOCUMENTATION_COMMENTS = YES;
				CLANG_WARN_EMPTY_BODY = YES;
				CLANG_WARN_ENUM_CONVERSION = YES;
				CLANG_WARN_INFINITE_RECURSION = YES;
				CLANG_WARN_INT_CONVERSION = YES;
				CLANG_WARN_OBJC_ROOT_CLASS = YES_ERROR;
				CLANG_WARN_SUSPICIOUS_MOVE = YES;
				CLANG_WARN_UNREACHABLE_CODE = YES;
				CLANG_WARN__DUPLICATE_METHOD_MATCH = YES;
				"CODE_SIGN_IDENTITY[sdk=iphoneos*]" = "iPhone Developer";
				COPY_PHASE_STRIP = NO;
				DEBUG_INFORMATION_FORMAT = "dwarf-with-dsym";
				ENABLE_NS_ASSERTIONS = NO;
				ENABLE_STRICT_OBJC_MSGSEND = YES;
				GCC_C_LANGUAGE_STANDARD = gnu99;
				GCC_NO_COMMON_BLOCKS = YES;
				GCC_WARN_64_TO_32_BIT_CONVERSION = YES;
				GCC_WARN_ABOUT_RETURN_TYPE = YES_ERROR;
				GCC_WARN_UNDECLARED_SELECTOR = YES;
				GCC_WARN_UNINITIALIZED_AUTOS = YES_AGGRESSIVE;
				GCC_WARN_UNUSED_FUNCTION = YES;
				GCC_WARN_UNUSED_VARIABLE = YES;
				IPHONEOS_DEPLOYMENT_TARGET = 10.3;
				MTL_ENABLE_DEBUG_INFO = NO;
				SDKROOT = iphoneos;
				SWIFT_OPTIMIZATION_LEVEL = "-Owholemodule";
				TARGETED_DEVICE_FAMILY = "1,2";
				VALIDATE_PRODUCT = YES;
			};
			name = Release;
		};
		A190BEB41F0F224B00EE9C19 /* Debug */ = {
			isa = XCBuildConfiguration;
			buildSettings = {
				ASSETCATALOG_COMPILER_APPICON_NAME = AppIcon;
				"CODE_SIGN_IDENTITY[sdk=iphoneos*]" = "iPhone Developer";
				DEVELOPMENT_TEAM = "";
				INFOPLIST_FILE = PhotoBrowser/Info.plist;
				LD_RUNPATH_SEARCH_PATHS = "$(inherited) @executable_path/Frameworks";
				PRODUCT_BUNDLE_IDENTIFIER = com.demo.PhotoBrowser;
				PRODUCT_NAME = "$(TARGET_NAME)";
				PROVISIONING_PROFILE_SPECIFIER = "";
				SWIFT_VERSION = 3.0;
			};
			name = Debug;
		};
		A190BEB51F0F224B00EE9C19 /* Release */ = {
			isa = XCBuildConfiguration;
			buildSettings = {
				ASSETCATALOG_COMPILER_APPICON_NAME = AppIcon;
				"CODE_SIGN_IDENTITY[sdk=iphoneos*]" = "iPhone Developer";
				DEVELOPMENT_TEAM = "";
				INFOPLIST_FILE = PhotoBrowser/Info.plist;
				LD_RUNPATH_SEARCH_PATHS = "$(inherited) @executable_path/Frameworks";
				PRODUCT_BUNDLE_IDENTIFIER = com.demo.PhotoBrowser;
				PRODUCT_NAME = "$(TARGET_NAME)";
				PROVISIONING_PROFILE_SPECIFIER = "";
				SWIFT_VERSION = 3.0;
			};
			name = Release;
		};
/* End XCBuildConfiguration section */

/* Begin XCConfigurationList section */
		A190BE9C1F0F224B00EE9C19 /* Build configuration list for PBXProject "PhotoBrowser" */ = {
			isa = XCConfigurationList;
			buildConfigurations = (
				A190BEB11F0F224B00EE9C19 /* Debug */,
				A190BEB21F0F224B00EE9C19 /* Release */,
			);
			defaultConfigurationIsVisible = 0;
			defaultConfigurationName = Release;
		};
		A190BEB31F0F224B00EE9C19 /* Build configuration list for PBXNativeTarget "PhotoBrowser" */ = {
			isa = XCConfigurationList;
			buildConfigurations = (
				A190BEB41F0F224B00EE9C19 /* Debug */,
				A190BEB51F0F224B00EE9C19 /* Release */,
			);
			defaultConfigurationIsVisible = 0;
		};
/* End XCConfigurationList section */
	};
	rootObject = A190BE991F0F224B00EE9C19 /* Project object */;
}
